
Microsoft Visual Studio Solution File, Format Version 12.00
# Visual Studio Version 16
VisualStudioVersion = 16.0.29709.97
MinimumVisualStudioVersion = 10.0.40219.1
Project("{FAE04EC0-301F-11D3-BF4B-00C04F79EFBC}") = "ConsoleApp1", "ConsoleApp1\ConsoleApp1.csproj", "{6FE9D098-BC79-4CB8-9CDD-D10504D37A39}"
EndProject
Global
	GlobalSection(SolutionConfigurationPlatforms) = preSolution
		Debug|Any CPU = Debug|Any CPU
		Release|Any CPU = Release|Any CPU
	EndGlobalSection
	GlobalSection(ProjectConfigurationPlatforms) = postSolution
		{6FE9D098-BC79-4CB8-9CDD-D10504D37A39}.Debug|Any CPU.ActiveCfg = Debug|Any CPU
		{6FE9D098-BC79-4CB8-9CDD-D10504D37A39}.Debug|Any CPU.Build.0 = Debug|Any CPU
		{6FE9D098-BC79-4CB8-9CDD-D10504D37A39}.Release|Any CPU.ActiveCfg = Release|Any CPU
		{6FE9D098-BC79-4CB8-9CDD-D10504D37A39}.Release|Any CPU.Build.0 = Release|Any CPU
	EndGlobalSection
	GlobalSection(SolutionProperties) = preSolution
		HideSolutionNode = FALSE
	EndGlobalSection
	GlobalSection(ExtensibilityGlobals) = postSolution
		SolutionGuid = {91FE4297-BC80-44DE-A8D1-760281C8E13C}
	EndGlobalSection
EndGlobal
